Microsoft Visual Studio Solution File, Format Version 12.00
Project("{FAE04EC0-301F-11D3-BF4B-00C04F79EFBC}") = "ArticleService", "ArticleService\ArticleService.csproj", "{4AE0F916-90AB-4DC8-A20E-AB1BB262A767}"
EndProject
Project("{FAE04EC0-301F-11D3-BF4B-00C04F79EFBC}") = "CommentService", "CommentService\CommentService.csproj", "{A6A86241-A13C-44B9-B790-C25C7CD78AA8}"
EndProject
Project("{FAE04EC0-301F-11D3-BF4B-00C04F79EFBC}") = "ProfanityService", "ProfanityService\ProfanityService.csproj", "{DEEBA13F-F6BC-4461-94D6-B4393984862A}"
EndProject
Project("{2150E333-8FDC-42A3-9474-1A3956D46DE8}") = "Solution Items", "Solution Items", "{6EC96725-F3F0-4F86-BB1C-1F4CABEF2E19}"
	ProjectSection(SolutionItems) = preProject
		compose.yaml = compose.yaml
	EndProjectSection
EndProject
Project("{FAE04EC0-301F-11D3-BF4B-00C04F79EFBC}") = "MonitorService", "MonitorService\MonitorService.csproj", "{46C6384D-1F1F-4704-9E27-6ED526753A76}"
EndProject
Project("{FAE04EC0-301F-11D3-BF4B-00C04F79EFBC}") = "DraftService", "DraftService\DraftService.csproj", "{55CDB031-18AC-4812-AF18-4A2A3AC01EDE}"
EndProject
Project("{FAE04EC0-301F-11D3-BF4B-00C04F79EFBC}") = "Shared", "Shared\Shared.csproj", "{88173AF3-4EC4-48FE-8701-5D3D72E7FD18}"
EndProject
Project("{FAE04EC0-301F-11D3-BF4B-00C04F79EFBC}") = "ArticleQueue", "ArticleQueue\ArticleQueue.csproj", "{9C7A18EF-EA89-40FD-826F-A955EFBA18F6}"
EndProject
Project("{FAE04EC0-301F-11D3-BF4B-00C04F79EFBC}") = "PublisherService", "PublisherService\PublisherService.csproj", "{A2CB69B3-44C8-45B9-89BB-73EC2A206F5F}"
EndProject
Global
	GlobalSection(SolutionConfigurationPlatforms) = preSolution
		Debug|Any CPU = Debug|Any CPU
		Release|Any CPU = Release|Any CPU
	EndGlobalSection
	GlobalSection(ProjectConfigurationPlatforms) = postSolution
		{4AE0F916-90AB-4DC8-A20E-AB1BB262A767}.Debug|Any CPU.ActiveCfg = Debug|Any CPU
		{4AE0F916-90AB-4DC8-A20E-AB1BB262A767}.Debug|Any CPU.Build.0 = Debug|Any CPU
		{4AE0F916-90AB-4DC8-A20E-AB1BB262A767}.Release|Any CPU.ActiveCfg = Release|Any CPU
		{4AE0F916-90AB-4DC8-A20E-AB1BB262A767}.Release|Any CPU.Build.0 = Release|Any CPU

		{A6A86241-A13C-44B9-B790-C25C7CD78AA8}.Debug|Any CPU.ActiveCfg = Debug|Any CPU
		{A6A86241-A13C-44B9-B790-C25C7CD78AA8}.Debug|Any CPU.Build.0 = Debug|Any CPU
		{A6A86241-A13C-44B9-B790-C25C7CD78AA8}.Release|Any CPU.ActiveCfg = Release|Any CPU
		{A6A86241-A13C-44B9-B790-C25C7CD78AA8}.Release|Any CPU.Build.0 = Release|Any CPU

		{DEEBA13F-F6BC-4461-94D6-B4393984862A}.Debug|Any CPU.ActiveCfg = Debug|Any CPU
		{DEEBA13F-F6BC-4461-94D6-B4393984862A}.Debug|Any CPU.Build.0 = Debug|Any CPU
		{DEEBA13F-F6BC-4461-94D6-B4393984862A}.Release|Any CPU.ActiveCfg = Release|Any CPU
		{DEEBA13F-F6BC-4461-94D6-B4393984862A}.Release|Any CPU.Build.0 = Release|Any CPU

		{46C6384D-1F1F-4704-9E27-6ED526753A76}.Debug|Any CPU.ActiveCfg = Debug|Any CPU
		{46C6384D-1F1F-4704-9E27-6ED526753A76}.Debug|Any CPU.Build.0 = Debug|Any CPU
		{46C6384D-1F1F-4704-9E27-6ED526753A76}.Release|Any CPU.ActiveCfg = Release|Any CPU
		{46C6384D-1F1F-4704-9E27-6ED526753A76}.Release|Any CPU.Build.0 = Release|Any CPU

		{55CDB031-18AC-4812-AF18-4A2A3AC01EDE}.Debug|Any CPU.ActiveCfg = Debug|Any CPU
		{55CDB031-18AC-4812-AF18-4A2A3AC01EDE}.Debug|Any CPU.Build.0 = Debug|Any CPU
		{55CDB031-18AC-4812-AF18-4A2A3AC01EDE}.Release|Any CPU.ActiveCfg = Release|Any CPU
		{55CDB031-18AC-4812-AF18-4A2A3AC01EDE}.Release|Any CPU.Build.0 = Release|Any CPU
		{88173AF3-4EC4-48FE-8701-5D3D72E7FD18}.Debug|Any CPU.ActiveCfg = Debug|Any CPU
		{88173AF3-4EC4-48FE-8701-5D3D72E7FD18}.Debug|Any CPU.Build.0 = Debug|Any CPU
		{88173AF3-4EC4-48FE-8701-5D3D72E7FD18}.Release|Any CPU.ActiveCfg = Release|Any CPU
		{88173AF3-4EC4-48FE-8701-5D3D72E7FD18}.Release|Any CPU.Build.0 = Release|Any CPU
		{9C7A18EF-EA89-40FD-826F-A955EFBA18F6}.Debug|Any CPU.ActiveCfg = Debug|Any CPU
		{9C7A18EF-EA89-40FD-826F-A955EFBA18F6}.Debug|Any CPU.Build.0 = Debug|Any CPU
		{9C7A18EF-EA89-40FD-826F-A955EFBA18F6}.Release|Any CPU.ActiveCfg = Release|Any CPU
		{9C7A18EF-EA89-40FD-826F-A955EFBA18F6}.Release|Any CPU.Build.0 = Release|Any CPU
		{A2CB69B3-44C8-45B9-89BB-73EC2A206F5F}.Debug|Any CPU.ActiveCfg = Debug|Any CPU
		{A2CB69B3-44C8-45B9-89BB-73EC2A206F5F}.Debug|Any CPU.Build.0 = Debug|Any CPU
		{A2CB69B3-44C8-45B9-89BB-73EC2A206F5F}.Release|Any CPU.ActiveCfg = Release|Any CPU
		{A2CB69B3-44C8-45B9-89BB-73EC2A206F5F}.Release|Any CPU.Build.0 = Release|Any CPU
	EndGlobalSection
EndGlobal
